
Microsoft Visual Studio Solution File, Format Version 12.00
# Visual Studio Version 17
VisualStudioVersion = 17.9.34728.123
MinimumVisualStudioVersion = 10.0.40219.1
Project("{FAE04EC0-301F-11D3-BF4B-00C04F79EFBC}") = "API", "API\API.csproj", "{B3AFE2A3-63A6-415F-8CD7-999DC490D3A9}"
EndProject
Project("{FAE04EC0-301F-11D3-BF4B-00C04F79EFBC}") = "DataAccess", "DataAccess\DataAccess.csproj", "{9EF00506-38B0-4BD4-BB20-113819957AED}"
EndProject
Global
	GlobalSection(SolutionConfigurationPlatforms) = preSolution
		Debug|Any CPU = Debug|Any CPU
		Release|Any CPU = Release|Any CPU
	EndGlobalSection
	GlobalSection(ProjectConfigurationPlatforms) = postSolution
		{B3AFE2A3-63A6-415F-8CD7-999DC490D3A9}.Debug|Any CPU.ActiveCfg = Debug|Any CPU
		{B3AFE2A3-63A6-415F-8CD7-999DC490D3A9}.Debug|Any CPU.Build.0 = Debug|Any CPU
		{B3AFE2A3-63A6-415F-8CD7-999DC490D3A9}.Release|Any CPU.ActiveCfg = Release|Any CPU
		{B3AFE2A3-63A6-415F-8CD7-999DC490D3A9}.Release|Any CPU.Build.0 = Release|Any CPU
		{9EF00506-38B0-4BD4-BB20-113819957AED}.Debug|Any CPU.ActiveCfg = Debug|Any CPU
		{9EF00506-38B0-4BD4-BB20-113819957AED}.Debug|Any CPU.Build.0 = Debug|Any CPU
		{9EF00506-38B0-4BD4-BB20-113819957AED}.Release|Any CPU.ActiveCfg = Release|Any CPU
		{9EF00506-38B0-4BD4-BB20-113819957AED}.Release|Any CPU.Build.0 = Release|Any CPU
	EndGlobalSection
	GlobalSection(SolutionProperties) = preSolution
		HideSolutionNode = FALSE
	EndGlobalSection
	GlobalSection(ExtensibilityGlobals) = postSolution
		SolutionGuid = {2EDF067B-C9F9-4D26-850E-FB93E0F4F93F}
	EndGlobalSection
EndGlobal
